
Microsoft Visual Studio Solution File, Format Version 12.00
# Visual Studio Version 16
VisualStudioVersion = 16.0.31112.23
MinimumVisualStudioVersion = 10.0.40219.1
Project("{FAE04EC0-301F-11D3-BF4B-00C04F79EFBC}") = "RandomGuessNumber", "RandomGuessNumber.csproj", "{E7D0888F-1819-40AB-A722-80516092BED1}"
EndProject
Global
	GlobalSection(SolutionConfigurationPlatforms) = preSolution
		Debug|Any CPU = Debug|Any CPU
		Release|Any CPU = Release|Any CPU
	EndGlobalSection
	GlobalSection(ProjectConfigurationPlatforms) = postSolution
		{E7D0888F-1819-40AB-A722-80516092BED1}.Debug|Any CPU.ActiveCfg = Debug|Any CPU
		{E7D0888F-1819-40AB-A722-80516092BED1}.Debug|Any CPU.Build.0 = Debug|Any CPU
		{E7D0888F-1819-40AB-A722-80516092BED1}.Release|Any CPU.ActiveCfg = Release|Any CPU
		{E7D0888F-1819-40AB-A722-80516092BED1}.Release|Any CPU.Build.0 = Release|Any CPU
	EndGlobalSection
	GlobalSection(SolutionProperties) = preSolution
		HideSolutionNode = FALSE
	EndGlobalSection
	GlobalSection(ExtensibilityGlobals) = postSolution
		SolutionGuid = {D3602614-3E35-435C-B479-731B56B151D1}
	EndGlobalSection
EndGlobal
